
Microsoft Visual Studio Solution File, Format Version 12.00
# Visual Studio 15
VisualStudioVersion = 15.0.27130.2010
MinimumVisualStudioVersion = 10.0.40219.1
Project("{FAE04EC0-301F-11D3-BF4B-00C04F79EFBC}") = "FlatProject7", "FlatProject7\FlatProject7\FlatProject7.csproj", "{A0AE360D-C46E-414C-9475-F5AD42EFD0E7}"
EndProject
Project("{FAE04EC0-301F-11D3-BF4B-00C04F79EFBC}") = "FlatProject6", "FlatProject6\FlatProject6\FlatProject6.csproj", "{BB43EA2F-5B62-43D9-91EA-692CAD195C56}"
EndProject
Global
	GlobalSection(SolutionConfigurationPlatforms) = preSolution
		Debug|Any CPU = Debug|Any CPU
		Release|Any CPU = Release|Any CPU
	EndGlobalSection
	GlobalSection(ProjectConfigurationPlatforms) = postSolution
		{A0AE360D-C46E-414C-9475-F5AD42EFD0E7}.Debug|Any CPU.ActiveCfg = Debug|Any CPU
		{A0AE360D-C46E-414C-9475-F5AD42EFD0E7}.Debug|Any CPU.Build.0 = Debug|Any CPU
		{A0AE360D-C46E-414C-9475-F5AD42EFD0E7}.Release|Any CPU.ActiveCfg = Release|Any CPU
		{A0AE360D-C46E-414C-9475-F5AD42EFD0E7}.Release|Any CPU.Build.0 = Release|Any CPU
		{BB43EA2F-5B62-43D9-91EA-692CAD195C56}.Debug|Any CPU.ActiveCfg = Debug|Any CPU
		{BB43EA2F-5B62-43D9-91EA-692CAD195C56}.Debug|Any CPU.Build.0 = Debug|Any CPU
		{BB43EA2F-5B62-43D9-91EA-692CAD195C56}.Release|Any CPU.ActiveCfg = Release|Any CPU
		{BB43EA2F-5B62-43D9-91EA-692CAD195C56}.Release|Any CPU.Build.0 = Release|Any CPU
	EndGlobalSection
	GlobalSection(SolutionProperties) = preSolution
		HideSolutionNode = FALSE
	EndGlobalSection
	GlobalSection(ExtensibilityGlobals) = postSolution
		SolutionGuid = {4BEB251F-98B1-4387-911C-2E56C10BC03C}
	EndGlobalSection
EndGlobal
